
Microsoft Visual Studio Solution File, Format Version 12.00
# Visual Studio Version 17
VisualStudioVersion = 17.14.36310.24
MinimumVisualStudioVersion = 10.0.40219.1
Project("{FAE04EC0-301F-11D3-BF4B-00C04F79EFBC}") = "Deal.DeveloperEvaluation.WebApi", "src\Deal.DeveloperEvaluation.WebApi\Deal.DeveloperEvaluation.WebApi.csproj", "{4391696A-CAFD-40EF-AF28-4CF33AFD9437}"
EndProject
Global
	GlobalSection(SolutionConfigurationPlatforms) = preSolution
		Debug|Any CPU = Debug|Any CPU
		Release|Any CPU = Release|Any CPU
	EndGlobalSection
	GlobalSection(ProjectConfigurationPlatforms) = postSolution
		{4391696A-CAFD-40EF-AF28-4CF33AFD9437}.Debug|Any CPU.ActiveCfg = Debug|Any CPU
		{4391696A-CAFD-40EF-AF28-4CF33AFD9437}.Debug|Any CPU.Build.0 = Debug|Any CPU
		{4391696A-CAFD-40EF-AF28-4CF33AFD9437}.Release|Any CPU.ActiveCfg = Release|Any CPU
		{4391696A-CAFD-40EF-AF28-4CF33AFD9437}.Release|Any CPU.Build.0 = Release|Any CPU
	EndGlobalSection
	GlobalSection(SolutionProperties) = preSolution
		HideSolutionNode = FALSE
	EndGlobalSection
	GlobalSection(ExtensibilityGlobals) = postSolution
		SolutionGuid = {6F1FAB2A-2A67-4772-ACC4-B4F2F81F3DC0}
	EndGlobalSection
EndGlobal
